
Microsoft Visual Studio Solution File, Format Version 12.00
# Visual Studio 2012
Project("{E24C65DC-7377-472B-9ABA-BC803B73C61A}") = "grid-wcf-crud", ".", "{8671C896-C9EE-433F-8117-BDF50AE30E73}"
	ProjectSection(WebsiteProperties) = preProject
		TargetFrameworkMoniker = ".NETFramework,Version%3Dv4.0"
		Debug.AspNetCompiler.VirtualPath = "/grid-wcf-crud"
		Debug.AspNetCompiler.PhysicalPath = "..\grid-wcf-crud\"
		Debug.AspNetCompiler.TargetPath = "PrecompiledWeb\grid-wcf-crud\"
		Debug.AspNetCompiler.Updateable = "true"
		Debug.AspNetCompiler.ForceOverwrite = "true"
		Debug.AspNetCompiler.FixedNames = "false"
		Debug.AspNetCompiler.Debug = "True"
		Release.AspNetCompiler.VirtualPath = "/grid-wcf-crud"
		Release.AspNetCompiler.PhysicalPath = "..\grid-wcf-crud\"
		Release.AspNetCompiler.TargetPath = "PrecompiledWeb\grid-wcf-crud\"
		Release.AspNetCompiler.Updateable = "true"
		Release.AspNetCompiler.ForceOverwrite = "true"
		Release.AspNetCompiler.FixedNames = "false"
		Release.AspNetCompiler.Debug = "False"
		VWDPort = "60984"
	EndProjectSection
EndProject
Global
	GlobalSection(SolutionConfigurationPlatforms) = preSolution
		Debug|Any CPU = Debug|Any CPU
	EndGlobalSection
	GlobalSection(ProjectConfigurationPlatforms) = postSolution
		{8671C896-C9EE-433F-8117-BDF50AE30E73}.Debug|Any CPU.ActiveCfg = Debug|Any CPU
		{8671C896-C9EE-433F-8117-BDF50AE30E73}.Debug|Any CPU.Build.0 = Debug|Any CPU
	EndGlobalSection
	GlobalSection(SolutionProperties) = preSolution
		HideSolutionNode = FALSE
	EndGlobalSection
EndGlobal
