
Microsoft Visual Studio Solution File, Format Version 12.00
# Visual Studio 2012
Project("{2150E333-8FDC-42A3-9474-1A3956D46DE8}") = ".nuget", ".nuget", "{6AF098FF-FF66-4E49-B076-134FF2CC6431}"
	ProjectSection(SolutionItems) = preProject
		.nuget\NuGet.Config = .nuget\NuGet.Config
		.nuget\NuGet.exe = .nuget\NuGet.exe
		.nuget\NuGet.targets = .nuget\NuGet.targets
	EndProjectSection
EndProject
Project("{FAE04EC0-301F-11D3-BF4B-00C04F79EFBC}") = "KendoGridWebAPIODataCRUD", "ProductService\KendoGridWebAPIODataCRUD.csproj", "{61F668E3-AABE-4F94-B93D-176D510BA338}"
EndProject
Global
	GlobalSection(SolutionConfigurationPlatforms) = preSolution
		Debug|Any CPU = Debug|Any CPU
		Release|Any CPU = Release|Any CPU
	EndGlobalSection
	GlobalSection(ProjectConfigurationPlatforms) = postSolution
		{61F668E3-AABE-4F94-B93D-176D510BA338}.Debug|Any CPU.ActiveCfg = Debug|Any CPU
		{61F668E3-AABE-4F94-B93D-176D510BA338}.Debug|Any CPU.Build.0 = Debug|Any CPU
		{61F668E3-AABE-4F94-B93D-176D510BA338}.Release|Any CPU.ActiveCfg = Release|Any CPU
		{61F668E3-AABE-4F94-B93D-176D510BA338}.Release|Any CPU.Build.0 = Release|Any CPU
	EndGlobalSection
	GlobalSection(SolutionProperties) = preSolution
		HideSolutionNode = FALSE
	EndGlobalSection
EndGlobal
