
Microsoft Visual Studio Solution File, Format Version 12.00
# Visual Studio Version 17
VisualStudioVersion = 17.1.32319.34
MinimumVisualStudioVersion = 10.0.40219.1
Project("{9A19103F-16F7-4668-BE54-9A1E7A4F7556}") = "chat-signalr", "WebApplication5\chat-signalr.csproj", "{0D39EA52-C964-4C51-B013-8F4C42CC837C}"
EndProject
Global
	GlobalSection(SolutionConfigurationPlatforms) = preSolution
		Debug|Any CPU = Debug|Any CPU
		Release|Any CPU = Release|Any CPU
	EndGlobalSection
	GlobalSection(ProjectConfigurationPlatforms) = postSolution
		{0D39EA52-C964-4C51-B013-8F4C42CC837C}.Debug|Any CPU.ActiveCfg = Debug|Any CPU
		{0D39EA52-C964-4C51-B013-8F4C42CC837C}.Debug|Any CPU.Build.0 = Debug|Any CPU
		{0D39EA52-C964-4C51-B013-8F4C42CC837C}.Release|Any CPU.ActiveCfg = Release|Any CPU
		{0D39EA52-C964-4C51-B013-8F4C42CC837C}.Release|Any CPU.Build.0 = Release|Any CPU
	EndGlobalSection
	GlobalSection(SolutionProperties) = preSolution
		HideSolutionNode = FALSE
	EndGlobalSection
	GlobalSection(ExtensibilityGlobals) = postSolution
		SolutionGuid = {587EA92B-33A6-4BA6-8800-3052D9B7E8F9}
	EndGlobalSection
EndGlobal
